
Microsoft Visual Studio Solution File, Format Version 12.00
# Visual Studio Version 16
VisualStudioVersion = 16.0.30907.101
MinimumVisualStudioVersion = 10.0.40219.1
Project("{FAE04EC0-301F-11D3-BF4B-00C04F79EFBC}") = "PostgreSQLDatabase-First", "PostgreSQLDatabase-First\PostgreSQLDatabase-First.csproj", "{D03B3FBC-FAC1-4391-9315-4DDA5BE65875}"
EndProject
Global
	GlobalSection(SolutionConfigurationPlatforms) = preSolution
		Debug|Any CPU = Debug|Any CPU
		Release|Any CPU = Release|Any CPU
	EndGlobalSection
	GlobalSection(ProjectConfigurationPlatforms) = postSolution
		{D03B3FBC-FAC1-4391-9315-4DDA5BE65875}.Debug|Any CPU.ActiveCfg = Debug|Any CPU
		{D03B3FBC-FAC1-4391-9315-4DDA5BE65875}.Debug|Any CPU.Build.0 = Debug|Any CPU
		{D03B3FBC-FAC1-4391-9315-4DDA5BE65875}.Release|Any CPU.ActiveCfg = Release|Any CPU
		{D03B3FBC-FAC1-4391-9315-4DDA5BE65875}.Release|Any CPU.Build.0 = Release|Any CPU
	EndGlobalSection
	GlobalSection(SolutionProperties) = preSolution
		HideSolutionNode = FALSE
	EndGlobalSection
	GlobalSection(ExtensibilityGlobals) = postSolution
		SolutionGuid = {C6FB0C5C-FA88-43D5-80FF-ED9B8E50846D}
	EndGlobalSection
EndGlobal
